
Microsoft Visual Studio Solution File, Format Version 12.00
# Visual Studio Version 17
VisualStudioVersion = 17.10.35122.118
MinimumVisualStudioVersion = 10.0.40219.1
Project("{9A19103F-16F7-4668-BE54-9A1E7A4F7556}") = "ConsoleUnitTesting", "ConsoleUnitTesting\ConsoleUnitTesting.csproj", "{3FDA742A-3914-4E15-95A0-6316A85A8971}"
EndProject
Project("{9A19103F-16F7-4668-BE54-9A1E7A4F7556}") = "DBL", "DBL\DBL.csproj", "{0C24BEEE-8691-47C3-8BFA-B7557393D7FB}"
EndProject
Project("{9A19103F-16F7-4668-BE54-9A1E7A4F7556}") = "Models", "Models\Models.csproj", "{F44A6D92-A17B-4613-85C3-5773D028F486}"
EndProject
Project("{9A19103F-16F7-4668-BE54-9A1E7A4F7556}") = "EduQuestAPI", "EduQuestAPI\EduQuestAPI.csproj", "{3CED855A-7F4B-4F0A-A587-B12F38C4D114}"
EndProject
Project("{9A19103F-16F7-4668-BE54-9A1E7A4F7556}") = "EduQuestBlazor", "EduQuestBlazor\EduQuestBlazor.csproj", "{CC89ED0C-CA3E-445C-AB44-CFA75FF6D9EB}"
EndProject
Global
	GlobalSection(SolutionConfigurationPlatforms) = preSolution
		Debug|Any CPU = Debug|Any CPU
		Release|Any CPU = Release|Any CPU
	EndGlobalSection
	GlobalSection(ProjectConfigurationPlatforms) = postSolution
		{3FDA742A-3914-4E15-95A0-6316A85A8971}.Debug|Any CPU.ActiveCfg = Debug|Any CPU
		{3FDA742A-3914-4E15-95A0-6316A85A8971}.Debug|Any CPU.Build.0 = Debug|Any CPU
		{3FDA742A-3914-4E15-95A0-6316A85A8971}.Release|Any CPU.ActiveCfg = Release|Any CPU
		{3FDA742A-3914-4E15-95A0-6316A85A8971}.Release|Any CPU.Build.0 = Release|Any CPU
		{0C24BEEE-8691-47C3-8BFA-B7557393D7FB}.Debug|Any CPU.ActiveCfg = Debug|Any CPU
		{0C24BEEE-8691-47C3-8BFA-B7557393D7FB}.Debug|Any CPU.Build.0 = Debug|Any CPU
		{0C24BEEE-8691-47C3-8BFA-B7557393D7FB}.Release|Any CPU.ActiveCfg = Release|Any CPU
		{0C24BEEE-8691-47C3-8BFA-B7557393D7FB}.Release|Any CPU.Build.0 = Release|Any CPU
		{F44A6D92-A17B-4613-85C3-5773D028F486}.Debug|Any CPU.ActiveCfg = Debug|Any CPU
		{F44A6D92-A17B-4613-85C3-5773D028F486}.Debug|Any CPU.Build.0 = Debug|Any CPU
		{F44A6D92-A17B-4613-85C3-5773D028F486}.Release|Any CPU.ActiveCfg = Release|Any CPU
		{F44A6D92-A17B-4613-85C3-5773D028F486}.Release|Any CPU.Build.0 = Release|Any CPU
		{3CED855A-7F4B-4F0A-A587-B12F38C4D114}.Debug|Any CPU.ActiveCfg = Debug|Any CPU
		{3CED855A-7F4B-4F0A-A587-B12F38C4D114}.Debug|Any CPU.Build.0 = Debug|Any CPU
		{3CED855A-7F4B-4F0A-A587-B12F38C4D114}.Release|Any CPU.ActiveCfg = Release|Any CPU
		{3CED855A-7F4B-4F0A-A587-B12F38C4D114}.Release|Any CPU.Build.0 = Release|Any CPU
		{CC89ED0C-CA3E-445C-AB44-CFA75FF6D9EB}.Debug|Any CPU.ActiveCfg = Debug|Any CPU
		{CC89ED0C-CA3E-445C-AB44-CFA75FF6D9EB}.Debug|Any CPU.Build.0 = Debug|Any CPU
		{CC89ED0C-CA3E-445C-AB44-CFA75FF6D9EB}.Release|Any CPU.ActiveCfg = Release|Any CPU
		{CC89ED0C-CA3E-445C-AB44-CFA75FF6D9EB}.Release|Any CPU.Build.0 = Release|Any CPU
	EndGlobalSection
	GlobalSection(SolutionProperties) = preSolution
		HideSolutionNode = FALSE
	EndGlobalSection
	GlobalSection(ExtensibilityGlobals) = postSolution
		SolutionGuid = {CFCE1923-F339-47B7-89EB-C11AB647DE4C}
	EndGlobalSection
EndGlobal
